{
  "name": "speed",
  "version": "1.0.0",
  "lockfileVersion": 2,
  "requires": true,
  "packages": {
    "": {
      "name": "speed",
      "version": "1.0.0",
      "license": "ISC",
      "workspaces": [
        "./packages/*",
        "./packages/generator/*"
      ],
      "dependencies": {
        "typescript": "^4.9.3"
      }
    },
    "node_modules/@types/node": {
      "version": "18.11.9",
      "dev": true,
      "license": "MIT"
    },
    "node_modules/ansi-styles": {
      "version": "4.3.0",
      "license": "MIT",
      "dependencies": {
        "color-convert": "^2.0.1"
      },
      "engines": {
        "node": ">=8"
      },
      "funding": {
        "url": "https://github.com/chalk/ansi-styles?sponsor=1"
      }
    },
    "node_modules/chalk": {
      "version": "4.1.2",
      "license": "MIT",
      "dependencies": {
        "ansi-styles": "^4.1.0",
        "supports-color": "^7.1.0"
      },
      "engines": {
        "node": ">=10"
      },
      "funding": {
        "url": "https://github.com/chalk/chalk?sponsor=1"
      }
    },
    "node_modules/color-convert": {
      "version": "2.0.1",
      "license": "MIT",
      "dependencies": {
        "color-name": "~1.1.4"
      },
      "engines": {
        "node": ">=7.0.0"
      }
    },
    "node_modules/color-name": {
      "version": "1.1.4",
      "license": "MIT"
    },
    "node_modules/commander": {
      "version": "9.4.1",
      "license": "MIT",
      "engines": {
        "node": "^12.20.0 || >=14"
      }
    },
    "node_modules/create-speed-app": {
      "resolved": "packages/generator/create-speed-app",
      "link": true
    },
    "node_modules/has-flag": {
      "version": "4.0.0",
      "license": "MIT",
      "engines": {
        "node": ">=8"
      }
    },
    "node_modules/speed-app-template": {
      "resolved": "packages/generator/speed-app-template",
      "link": true
    },
    "node_modules/supports-color": {
      "version": "7.2.0",
      "license": "MIT",
      "dependencies": {
        "has-flag": "^4.0.0"
      },
      "engines": {
        "node": ">=8"
      }
    },
    "node_modules/typescript": {
      "version": "4.9.3",
      "license": "Apache-2.0",
      "bin": {
        "tsc": "bin/tsc",
        "tsserver": "bin/tsserver"
      },
      "engines": {
        "node": ">=4.2.0"
      }
    },
    "packages/generator/create-speed-app": {
      "version": "1.0.0",
      "license": "ISC",
      "dependencies": {
        "chalk": "^4.1.2",
        "commander": "^9.4.1",
        "speed-app-template": "^1.0.0"
      },
      "bin": {
        "create-speed-app": "bin/cli.js"
      },
      "devDependencies": {
        "@types/node": "^18.11.9",
        "typescript": "^4.9.3"
      }
    },
    "packages/generator/speed-app-template": {
      "version": "1.0.0",
      "license": "ISC",
      "devDependencies": {}
    }
  },
  "dependencies": {
    "@types/node": {
      "version": "18.11.9",
      "dev": true
    },
    "ansi-styles": {
      "version": "4.3.0",
      "requires": {
        "color-convert": "^2.0.1"
      }
    },
    "chalk": {
      "version": "4.1.2",
      "requires": {
        "ansi-styles": "^4.1.0",
        "supports-color": "^7.1.0"
      }
    },
    "color-convert": {
      "version": "2.0.1",
      "requires": {
        "color-name": "~1.1.4"
      }
    },
    "color-name": {
      "version": "1.1.4"
    },
    "commander": {
      "version": "9.4.1"
    },
    "create-speed-app": {
      "version": "file:packages/generator/create-speed-app",
      "requires": {
        "@types/node": "^18.11.9",
        "chalk": "^4.1.2",
        "commander": "^9.4.1",
        "speed-app-template": "^1.0.0",
        "typescript": "^4.9.3"
      }
    },
    "has-flag": {
      "version": "4.0.0"
    },
    "speed-app-template": {
      "version": "file:packages/generator/speed-app-template"
    },
    "supports-color": {
      "version": "7.2.0",
      "requires": {
        "has-flag": "^4.0.0"
      }
    },
    "typescript": {
      "version": "4.9.3"
    }
  }
}
