{
  "name": "speed",
  "version": "1.0.0",
  "lockfileVersion": 2,
  "requires": true,
  "packages": {
    "": {
      "name": "speed",
      "version": "1.0.0",
      "license": "ISC",
      "workspaces": [
        "./packages/*"
      ]
    },
    "packages/create-speed-app": {
      "version": "1.0.0",
      "extraneous": true,
      "license": "ISC"
    },
    "packages/generator/create-speed-app": {
      "version": "1.0.0",
      "extraneous": true,
      "license": "ISC"
    },
    "packages/generator/speed-app-template": {
      "version": "1.0.0",
      "extraneous": true,
      "license": "ISC",
      "devDependencies": {}
    }
  }
}
