# THIS IS AN AUTOGENERATED FILE. DO NOT EDIT THIS FILE DIRECTLY.
# yarn lockfile v1


"@types/inquirer@^8.0.0":
  version "8.2.5"
  resolved "https://repo.dev.wixpress.com/artifactory/api/npm/npm-repos/@types/inquirer/-/inquirer-8.2.5.tgz#c508423bcc11126db278170ab07347783ac2300c"
  integrity sha1-xQhCO8wREm2yeBcKsHNHeDrCMAw=
  dependencies:
    "@types/through" "*"

"@types/node@*", "@types/node@^18.11.9":
  version "18.11.10"
  resolved "https://repo.dev.wixpress.com/artifactory/api/npm/npm-repos/@types/node/-/node-18.11.10.tgz#4c64759f3c2343b7e6c4b9caf761c7a3a05cee34"
  integrity sha1-TGR1nzwjQ7fmxLnK92HHo6Bc7jQ=

"@types/through@*":
  version "0.0.30"
  resolved "https://repo.dev.wixpress.com/artifactory/api/npm/npm-repos/@types/through/-/through-0.0.30.tgz#e0e42ce77e897bd6aead6f6ea62aeb135b8a3895"
  integrity sha1-4OQs536Je9aurW9upirrE1uKOJU=
  dependencies:
    "@types/node" "*"

ansi-escapes@^4.2.1:
  version "4.3.2"
  resolved "https://repo.dev.wixpress.com/artifactory/api/npm/npm-repos/ansi-escapes/-/ansi-escapes-4.3.2.tgz#6b2291d1db7d98b6521d5f1efa42d0f3a9feb65e"
  integrity sha1-ayKR0dt9mLZSHV8e+kLQ86n+tl4=
  dependencies:
    type-fest "^0.21.3"

ansi-regex@^5.0.1:
  version "5.0.1"
  resolved "https://repo.dev.wixpress.com/artifactory/api/npm/npm-repos/ansi-regex/-/ansi-regex-5.0.1.tgz#082cb2c89c9fe8659a311a53bd6a4dc5301db304"
  integrity sha1-CCyyyJyf6GWaMRpTvWpNxTAdswQ=

ansi-styles@^4.0.0, ansi-styles@^4.1.0:
  version "4.3.0"
  resolved "https://repo.dev.wixpress.com/artifactory/api/npm/npm-repos/ansi-styles/-/ansi-styles-4.3.0.tgz#edd803628ae71c04c85ae7a0906edad34b648937"
  integrity sha1-7dgDYornHATIWuegkG7a00tkiTc=
  dependencies:
    color-convert "^2.0.1"

base64-js@^1.3.1:
  version "1.5.1"
  resolved "https://repo.dev.wixpress.com/artifactory/api/npm/npm-repos/base64-js/-/base64-js-1.5.1.tgz#1b1b440160a5bf7ad40b650f095963481903930a"
  integrity sha1-GxtEAWClv3rUC2UPCVljSBkDkwo=

bl@^4.1.0:
  version "4.1.0"
  resolved "https://repo.dev.wixpress.com/artifactory/api/npm/npm-repos/bl/-/bl-4.1.0.tgz#451535264182bec2fbbc83a62ab98cf11d9f7b3a"
  integrity sha1-RRU1JkGCvsL7vIOmKrmM8R2fezo=
  dependencies:
    buffer "^5.5.0"
    inherits "^2.0.4"
    readable-stream "^3.4.0"

buffer@^5.5.0:
  version "5.7.1"
  resolved "https://repo.dev.wixpress.com/artifactory/api/npm/npm-repos/buffer/-/buffer-5.7.1.tgz#ba62e7c13133053582197160851a8f648e99eed0"
  integrity sha1-umLnwTEzBTWCGXFghRqPZI6Z7tA=
  dependencies:
    base64-js "^1.3.1"
    ieee754 "^1.1.13"

chalk@^4.1.0, chalk@^4.1.1, chalk@^4.1.2:
  version "4.1.2"
  resolved "https://repo.dev.wixpress.com/artifactory/api/npm/npm-repos/chalk/-/chalk-4.1.2.tgz#aac4e2b7734a740867aeb16bf02aad556a1e7a01"
  integrity sha1-qsTit3NKdAhnrrFr8CqtVWoeegE=
  dependencies:
    ansi-styles "^4.1.0"
    supports-color "^7.1.0"

chardet@^0.7.0:
  version "0.7.0"
  resolved "https://repo.dev.wixpress.com/artifactory/api/npm/npm-repos/chardet/-/chardet-0.7.0.tgz#90094849f0937f2eedc2425d0d28a9e5f0cbad9e"
  integrity sha1-kAlISfCTfy7twkJdDSip5fDLrZ4=

cli-cursor@^3.1.0:
  version "3.1.0"
  resolved "https://repo.dev.wixpress.com/artifactory/api/npm/npm-repos/cli-cursor/-/cli-cursor-3.1.0.tgz#264305a7ae490d1d03bf0c9ba7c925d1753af307"
  integrity sha1-JkMFp65JDR0Dvwybp8kl0XU68wc=
  dependencies:
    restore-cursor "^3.1.0"

cli-spinners@^2.5.0:
  version "2.7.0"
  resolved "https://repo.dev.wixpress.com/artifactory/api/npm/npm-repos/cli-spinners/-/cli-spinners-2.7.0.tgz#f815fd30b5f9eaac02db604c7a231ed7cb2f797a"
  integrity sha1-+BX9MLX56qwC22BMeiMe18sveXo=

cli-width@^3.0.0:
  version "3.0.0"
  resolved "https://repo.dev.wixpress.com/artifactory/api/npm/npm-repos/cli-width/-/cli-width-3.0.0.tgz#a2f48437a2caa9a22436e794bf071ec9e61cedf6"
  integrity sha1-ovSEN6LKqaIkNueUvwceyeYc7fY=

clone@^1.0.2:
  version "1.0.4"
  resolved "https://repo.dev.wixpress.com/artifactory/api/npm/npm-repos/clone/-/clone-1.0.4.tgz#da309cc263df15994c688ca902179ca3c7cd7c7e"
  integrity sha1-2jCcwmPfFZlMaIypAheco8fNfH4=

color-convert@^2.0.1:
  version "2.0.1"
  resolved "https://repo.dev.wixpress.com/artifactory/api/npm/npm-repos/color-convert/-/color-convert-2.0.1.tgz#72d3a68d598c9bdb3af2ad1e84f21d896abd4de3"
  integrity sha1-ctOmjVmMm9s68q0ehPIdiWq9TeM=
  dependencies:
    color-name "~1.1.4"

color-name@~1.1.4:
  version "1.1.4"
  resolved "https://repo.dev.wixpress.com/artifactory/api/npm/npm-repos/color-name/-/color-name-1.1.4.tgz#c2a09a87acbde69543de6f63fa3995c826c536a2"
  integrity sha1-wqCah6y95pVD3m9j+jmVyCbFNqI=

commander@^9.4.1:
  version "9.4.1"
  resolved "https://repo.dev.wixpress.com/artifactory/api/npm/npm-repos/commander/-/commander-9.4.1.tgz#d1dd8f2ce6faf93147295c0df13c7c21141cfbdd"
  integrity sha1-0d2PLOb6+TFHKVwN8Tx8IRQc+90=

defaults@^1.0.3:
  version "1.0.4"
  resolved "https://repo.dev.wixpress.com/artifactory/api/npm/npm-repos/defaults/-/defaults-1.0.4.tgz#b0b02062c1e2aa62ff5d9528f0f98baa90978d7a"
  integrity sha1-sLAgYsHiqmL/XZUo8PmLqpCXjXo=
  dependencies:
    clone "^1.0.2"

emoji-regex@^8.0.0:
  version "8.0.0"
  resolved "https://repo.dev.wixpress.com/artifactory/api/npm/npm-repos/emoji-regex/-/emoji-regex-8.0.0.tgz#e818fd69ce5ccfcb404594f842963bf53164cc37"
  integrity sha1-6Bj9ac5cz8tARZT4QpY79TFkzDc=

escape-string-regexp@^1.0.5:
  version "1.0.5"
  resolved "https://repo.dev.wixpress.com/artifactory/api/npm/npm-repos/escape-string-regexp/-/escape-string-regexp-1.0.5.tgz#1b61c0562190a8dff6ae3bb2cf0200ca130b86d4"
  integrity sha1-G2HAViGQqN/2rjuyzwIAyhMLhtQ=

external-editor@^3.0.3:
  version "3.1.0"
  resolved "https://repo.dev.wixpress.com/artifactory/api/npm/npm-repos/external-editor/-/external-editor-3.1.0.tgz#cb03f740befae03ea4d283caed2741a83f335495"
  integrity sha1-ywP3QL764D6k0oPK7SdBqD8zVJU=
  dependencies:
    chardet "^0.7.0"
    iconv-lite "^0.4.24"
    tmp "^0.0.33"

figures@^3.0.0:
  version "3.2.0"
  resolved "https://repo.dev.wixpress.com/artifactory/api/npm/npm-repos/figures/-/figures-3.2.0.tgz#625c18bd293c604dc4a8ddb2febf0c88341746af"
  integrity sha1-YlwYvSk8YE3EqN2y/r8MiDQXRq8=
  dependencies:
    escape-string-regexp "^1.0.5"

has-flag@^4.0.0:
  version "4.0.0"
  resolved "https://repo.dev.wixpress.com/artifactory/api/npm/npm-repos/has-flag/-/has-flag-4.0.0.tgz#944771fd9c81c81265c4d6941860da06bb59479b"
  integrity sha1-lEdx/ZyByBJlxNaUGGDaBrtZR5s=

iconv-lite@^0.4.24:
  version "0.4.24"
  resolved "https://repo.dev.wixpress.com/artifactory/api/npm/npm-repos/iconv-lite/-/iconv-lite-0.4.24.tgz#2022b4b25fbddc21d2f524974a474aafe733908b"
  integrity sha1-ICK0sl+93CHS9SSXSkdKr+czkIs=
  dependencies:
    safer-buffer ">= 2.1.2 < 3"

ieee754@^1.1.13:
  version "1.2.1"
  resolved "https://repo.dev.wixpress.com/artifactory/api/npm/npm-repos/ieee754/-/ieee754-1.2.1.tgz#8eb7a10a63fff25d15a57b001586d177d1b0d352"
  integrity sha1-jrehCmP/8l0VpXsAFYbRd9Gw01I=

inherits@^2.0.3, inherits@^2.0.4:
  version "2.0.4"
  resolved "https://repo.dev.wixpress.com/artifactory/api/npm/npm-repos/inherits/-/inherits-2.0.4.tgz#0fa2c64f932917c3433a0ded55363aae37416b7c"
  integrity sha1-D6LGT5MpF8NDOg3tVTY6rjdBa3w=

inquirer@^8.0.0:
  version "8.2.5"
  resolved "https://repo.dev.wixpress.com/artifactory/api/npm/npm-repos/inquirer/-/inquirer-8.2.5.tgz#d8654a7542c35a9b9e069d27e2df4858784d54f8"
  integrity sha1-2GVKdULDWpueBp0n4t9IWHhNVPg=
  dependencies:
    ansi-escapes "^4.2.1"
    chalk "^4.1.1"
    cli-cursor "^3.1.0"
    cli-width "^3.0.0"
    external-editor "^3.0.3"
    figures "^3.0.0"
    lodash "^4.17.21"
    mute-stream "0.0.8"
    ora "^5.4.1"
    run-async "^2.4.0"
    rxjs "^7.5.5"
    string-width "^4.1.0"
    strip-ansi "^6.0.0"
    through "^2.3.6"
    wrap-ansi "^7.0.0"

is-fullwidth-code-point@^3.0.0:
  version "3.0.0"
  resolved "https://repo.dev.wixpress.com/artifactory/api/npm/npm-repos/is-fullwidth-code-point/-/is-fullwidth-code-point-3.0.0.tgz#f116f8064fe90b3f7844a38997c0b75051269f1d"
  integrity sha1-8Rb4Bk/pCz94RKOJl8C3UFEmnx0=

is-interactive@^1.0.0:
  version "1.0.0"
  resolved "https://repo.dev.wixpress.com/artifactory/api/npm/npm-repos/is-interactive/-/is-interactive-1.0.0.tgz#cea6e6ae5c870a7b0a0004070b7b587e0252912e"
  integrity sha1-zqbmrlyHCnsKAAQHC3tYfgJSkS4=

is-unicode-supported@^0.1.0:
  version "0.1.0"
  resolved "https://repo.dev.wixpress.com/artifactory/api/npm/npm-repos/is-unicode-supported/-/is-unicode-supported-0.1.0.tgz#3f26c76a809593b52bfa2ecb5710ed2779b522a7"
  integrity sha1-PybHaoCVk7Ur+i7LVxDtJ3m1Iqc=

lodash@^4.17.21:
  version "4.17.21"
  resolved "https://repo.dev.wixpress.com/artifactory/api/npm/npm-repos/lodash/-/lodash-4.17.21.tgz#679591c564c3bffaae8454cf0b3df370c3d6911c"
  integrity sha1-Z5WRxWTDv/quhFTPCz3zcMPWkRw=

log-symbols@^4.1.0:
  version "4.1.0"
  resolved "https://repo.dev.wixpress.com/artifactory/api/npm/npm-repos/log-symbols/-/log-symbols-4.1.0.tgz#3fbdbb95b4683ac9fc785111e792e558d4abd503"
  integrity sha1-P727lbRoOsn8eFER55LlWNSr1QM=
  dependencies:
    chalk "^4.1.0"
    is-unicode-supported "^0.1.0"

mimic-fn@^2.1.0:
  version "2.1.0"
  resolved "https://repo.dev.wixpress.com/artifactory/api/npm/npm-repos/mimic-fn/-/mimic-fn-2.1.0.tgz#7ed2c2ccccaf84d3ffcb7a69b57711fc2083401b"
  integrity sha1-ftLCzMyvhNP/y3pptXcR/CCDQBs=

mute-stream@0.0.8:
  version "0.0.8"
  resolved "https://repo.dev.wixpress.com/artifactory/api/npm/npm-repos/mute-stream/-/mute-stream-0.0.8.tgz#1630c42b2251ff81e2a283de96a5497ea92e5e0d"
  integrity sha1-FjDEKyJR/4HiooPelqVJfqkuXg0=

onetime@^5.1.0:
  version "5.1.2"
  resolved "https://repo.dev.wixpress.com/artifactory/api/npm/npm-repos/onetime/-/onetime-5.1.2.tgz#d0e96ebb56b07476df1dd9c4806e5237985ca45e"
  integrity sha1-0Oluu1awdHbfHdnEgG5SN5hcpF4=
  dependencies:
    mimic-fn "^2.1.0"

ora@^5.4.1:
  version "5.4.1"
  resolved "https://repo.dev.wixpress.com/artifactory/api/npm/npm-repos/ora/-/ora-5.4.1.tgz#1b2678426af4ac4a509008e5e4ac9e9959db9e18"
  integrity sha1-GyZ4Qmr0rEpQkAjl5KyemVnbnhg=
  dependencies:
    bl "^4.1.0"
    chalk "^4.1.0"
    cli-cursor "^3.1.0"
    cli-spinners "^2.5.0"
    is-interactive "^1.0.0"
    is-unicode-supported "^0.1.0"
    log-symbols "^4.1.0"
    strip-ansi "^6.0.0"
    wcwidth "^1.0.1"

os-tmpdir@~1.0.2:
  version "1.0.2"
  resolved "https://repo.dev.wixpress.com/artifactory/api/npm/npm-repos/os-tmpdir/-/os-tmpdir-1.0.2.tgz#bbe67406c79aa85c5cfec766fe5734555dfa1274"
  integrity sha1-u+Z0BseaqFxc/sdm/lc0VV36EnQ=

readable-stream@^3.4.0:
  version "3.6.0"
  resolved "https://repo.dev.wixpress.com/artifactory/api/npm/npm-repos/readable-stream/-/readable-stream-3.6.0.tgz#337bbda3adc0706bd3e024426a286d4b4b2c9198"
  integrity sha1-M3u9o63AcGvT4CRCaihtS0sskZg=
  dependencies:
    inherits "^2.0.3"
    string_decoder "^1.1.1"
    util-deprecate "^1.0.1"

restore-cursor@^3.1.0:
  version "3.1.0"
  resolved "https://repo.dev.wixpress.com/artifactory/api/npm/npm-repos/restore-cursor/-/restore-cursor-3.1.0.tgz#39f67c54b3a7a58cea5236d95cf0034239631f7e"
  integrity sha1-OfZ8VLOnpYzqUjbZXPADQjljH34=
  dependencies:
    onetime "^5.1.0"
    signal-exit "^3.0.2"

run-async@^2.4.0:
  version "2.4.1"
  resolved "https://repo.dev.wixpress.com/artifactory/api/npm/npm-repos/run-async/-/run-async-2.4.1.tgz#8440eccf99ea3e70bd409d49aab88e10c189a455"
  integrity sha1-hEDsz5nqPnC9QJ1JqriOEMGJpFU=

rxjs@^7.5.5:
  version "7.6.0"
  resolved "https://repo.dev.wixpress.com/artifactory/api/npm/npm-repos/rxjs/-/rxjs-7.6.0.tgz#361da5362b6ddaa691a2de0b4f2d32028f1eb5a2"
  integrity sha1-Nh2lNitt2qaRot4LTy0yAo8etaI=
  dependencies:
    tslib "^2.1.0"

safe-buffer@~5.2.0:
  version "5.2.1"
  resolved "https://repo.dev.wixpress.com/artifactory/api/npm/npm-repos/safe-buffer/-/safe-buffer-5.2.1.tgz#1eaf9fa9bdb1fdd4ec75f58f9cdb4e6b7827eec6"
  integrity sha1-Hq+fqb2x/dTsdfWPnNtOa3gn7sY=

"safer-buffer@>= 2.1.2 < 3":
  version "2.1.2"
  resolved "https://repo.dev.wixpress.com/artifactory/api/npm/npm-repos/safer-buffer/-/safer-buffer-2.1.2.tgz#44fa161b0187b9549dd84bb91802f9bd8385cd6a"
  integrity sha1-RPoWGwGHuVSd2Eu5GAL5vYOFzWo=

signal-exit@^3.0.2:
  version "3.0.7"
  resolved "https://repo.dev.wixpress.com/artifactory/api/npm/npm-repos/signal-exit/-/signal-exit-3.0.7.tgz#a9a1767f8af84155114eaabd73f99273c8f59ad9"
  integrity sha1-qaF2f4r4QVURTqq9c/mSc8j1mtk=

string-width@^4.1.0:
  version "4.2.3"
  resolved "https://repo.dev.wixpress.com/artifactory/api/npm/npm-repos/string-width/-/string-width-4.2.3.tgz#269c7117d27b05ad2e536830a8ec895ef9c6d010"
  integrity sha1-JpxxF9J7Ba0uU2gwqOyJXvnG0BA=
  dependencies:
    emoji-regex "^8.0.0"
    is-fullwidth-code-point "^3.0.0"
    strip-ansi "^6.0.1"

string_decoder@^1.1.1:
  version "1.3.0"
  resolved "https://repo.dev.wixpress.com/artifactory/api/npm/npm-repos/string_decoder/-/string_decoder-1.3.0.tgz#42f114594a46cf1a8e30b0a84f56c78c3edac21e"
  integrity sha1-QvEUWUpGzxqOMLCoT1bHjD7awh4=
  dependencies:
    safe-buffer "~5.2.0"

strip-ansi@^6.0.0, strip-ansi@^6.0.1:
  version "6.0.1"
  resolved "https://repo.dev.wixpress.com/artifactory/api/npm/npm-repos/strip-ansi/-/strip-ansi-6.0.1.tgz#9e26c63d30f53443e9489495b2105d37b67a85d9"
  integrity sha1-nibGPTD1NEPpSJSVshBdN7Z6hdk=
  dependencies:
    ansi-regex "^5.0.1"

supports-color@^7.1.0:
  version "7.2.0"
  resolved "https://repo.dev.wixpress.com/artifactory/api/npm/npm-repos/supports-color/-/supports-color-7.2.0.tgz#1b7dcdcb32b8138801b3e478ba6a51caa89648da"
  integrity sha1-G33NyzK4E4gBs+R4umpRyqiWSNo=
  dependencies:
    has-flag "^4.0.0"

through@^2.3.6:
  version "2.3.8"
  resolved "https://repo.dev.wixpress.com/artifactory/api/npm/npm-repos/through/-/through-2.3.8.tgz#0dd4c9ffaabc357960b1b724115d7e0e86a2e1f5"
  integrity sha1-DdTJ/6q8NXlgsbckEV1+Doai4fU=

tmp@^0.0.33:
  version "0.0.33"
  resolved "https://repo.dev.wixpress.com/artifactory/api/npm/npm-repos/tmp/-/tmp-0.0.33.tgz#6d34335889768d21b2bcda0aa277ced3b1bfadf9"
  integrity sha1-bTQzWIl2jSGyvNoKonfO07G/rfk=
  dependencies:
    os-tmpdir "~1.0.2"

tslib@^2.1.0:
  version "2.4.1"
  resolved "https://repo.dev.wixpress.com/artifactory/api/npm/npm-repos/tslib/-/tslib-2.4.1.tgz#0d0bfbaac2880b91e22df0768e55be9753a5b17e"
  integrity sha1-DQv7qsKIC5HiLfB2jlW+l1OlsX4=

type-fest@^0.21.3:
  version "0.21.3"
  resolved "https://repo.dev.wixpress.com/artifactory/api/npm/npm-repos/type-fest/-/type-fest-0.21.3.tgz#d260a24b0198436e133fa26a524a6d65fa3b2e37"
  integrity sha1-0mCiSwGYQ24TP6JqUkptZfo7Ljc=

typescript@^4.9.3:
  version "4.9.3"
  resolved "https://repo.dev.wixpress.com/artifactory/api/npm/npm-repos/typescript/-/typescript-4.9.3.tgz#3aea307c1746b8c384435d8ac36b8a2e580d85db"
  integrity sha1-OuowfBdGuMOEQ12Kw2uKLlgNhds=

util-deprecate@^1.0.1:
  version "1.0.2"
  resolved "https://repo.dev.wixpress.com/artifactory/api/npm/npm-repos/util-deprecate/-/util-deprecate-1.0.2.tgz#450d4dc9fa70de732762fbd2d4a28981419a0ccf"
  integrity sha1-RQ1Nyfpw3nMnYvvS1KKJgUGaDM8=

wcwidth@^1.0.1:
  version "1.0.1"
  resolved "https://repo.dev.wixpress.com/artifactory/api/npm/npm-repos/wcwidth/-/wcwidth-1.0.1.tgz#f0b0dcf915bc5ff1528afadb2c0e17b532da2fe8"
  integrity sha1-8LDc+RW8X/FSivrbLA4XtTLaL+g=
  dependencies:
    defaults "^1.0.3"

wrap-ansi@^7.0.0:
  version "7.0.0"
  resolved "https://repo.dev.wixpress.com/artifactory/api/npm/npm-repos/wrap-ansi/-/wrap-ansi-7.0.0.tgz#67e145cff510a6a6984bdf1152911d69d2eb9e43"
  integrity sha1-Z+FFz/UQpqaYS98RUpEdadLrnkM=
  dependencies:
    ansi-styles "^4.0.0"
    string-width "^4.1.0"
    strip-ansi "^6.0.0"
